
Microsoft Visual Studio Solution File, Format Version 12.00
# Visual Studio 15
Project("{FAE04EC0-301F-11D3-BF4B-00C04F79EFBC}") = "soulsliketutoprial", "soulsliketutoprial.csproj", "{AB614192-BBB5-5042-9E2C-B9AD44CABAE5}"
EndProject
Project("{FAE04EC0-301F-11D3-BF4B-00C04F79EFBC}") = "soulsliketutoprial.Editor", "soulsliketutoprial.Editor.csproj", "{924A3A6B-550D-1EDB-B6FD-F6E8107BBFBE}"
EndProject
Global
	GlobalSection(SolutionConfigurationPlatforms) = preSolution
		Debug|Any CPU = Debug|Any CPU
		Release|Any CPU = Release|Any CPU
	EndGlobalSection
	GlobalSection(ProjectConfigurationPlatforms) = postSolution
		{AB614192-BBB5-5042-9E2C-B9AD44CABAE5}.Debug|Any CPU.ActiveCfg = Debug|Any CPU
		{AB614192-BBB5-5042-9E2C-B9AD44CABAE5}.Debug|Any CPU.Build.0 = Debug|Any CPU
		{AB614192-BBB5-5042-9E2C-B9AD44CABAE5}.Release|Any CPU.ActiveCfg = Release|Any CPU
		{AB614192-BBB5-5042-9E2C-B9AD44CABAE5}.Release|Any CPU.Build.0 = Release|Any CPU
		{924A3A6B-550D-1EDB-B6FD-F6E8107BBFBE}.Debug|Any CPU.ActiveCfg = Debug|Any CPU
		{924A3A6B-550D-1EDB-B6FD-F6E8107BBFBE}.Debug|Any CPU.Build.0 = Debug|Any CPU
		{924A3A6B-550D-1EDB-B6FD-F6E8107BBFBE}.Release|Any CPU.ActiveCfg = Release|Any CPU
		{924A3A6B-550D-1EDB-B6FD-F6E8107BBFBE}.Release|Any CPU.Build.0 = Release|Any CPU
	EndGlobalSection
	GlobalSection(SolutionProperties) = preSolution
		HideSolutionNode = FALSE
	EndGlobalSection
EndGlobal
